Microsoft Visual Studio Solution File, Format Version 12.00
# Visual Studio Version 17
VisualStudioVersion = 17.5.2.0
MinimumVisualStudioVersion = 10.0.40219.1
Project("{FAE04EC0-301F-11D3-BF4B-00C04F79EFBC}") = "BookStoreApp.API", "BookStoreApp.API.csproj", "{863930FD-D73A-5AE1-A911-1AD0749EE7C9}"
EndProject
Global
	GlobalSection(SolutionConfigurationPlatforms) = preSolution
		Debug|Any CPU = Debug|Any CPU
		Release|Any CPU = Release|Any CPU
	EndGlobalSection
	GlobalSection(ProjectConfigurationPlatforms) = postSolution
		{863930FD-D73A-5AE1-A911-1AD0749EE7C9}.Debug|Any CPU.ActiveCfg = Debug|Any CPU
		{863930FD-D73A-5AE1-A911-1AD0749EE7C9}.Debug|Any CPU.Build.0 = Debug|Any CPU
		{863930FD-D73A-5AE1-A911-1AD0749EE7C9}.Release|Any CPU.ActiveCfg = Release|Any CPU
		{863930FD-D73A-5AE1-A911-1AD0749EE7C9}.Release|Any CPU.Build.0 = Release|Any CPU
	EndGlobalSection
	GlobalSection(SolutionProperties) = preSolution
		HideSolutionNode = FALSE
	EndGlobalSection
	GlobalSection(ExtensibilityGlobals) = postSolution
		SolutionGuid = {E3C12A1D-099F-483E-8214-519890EBA93B}
	EndGlobalSection
EndGlobal
